{
  "name": "@reconcrap/boss-recruit-mcp",
  "version": "1.0.0",
  "lockfileVersion": 3,
  "requires": true,
  "packages": {
    "": {
      "name": "@reconcrap/boss-recruit-mcp",
      "version": "1.0.0",
      "license": "MIT",
      "dependencies": {
        "chrome-remote-interface": "^0.33.3",
        "ws": "^8.19.0"
      },
      "bin": {
        "boss-recruit-mcp": "bin/boss-recruit-mcp.js"
      },
      "engines": {
        "node": ">=18"
      }
    },
    "node_modules/chrome-remote-interface": {
      "version": "0.33.3",
      "license": "MIT",
      "dependencies": {
        "commander": "2.11.x",
        "ws": "^7.2.0"
      },
      "bin": {
        "chrome-remote-interface": "bin/client.js"
      }
    },
    "node_modules/chrome-remote-interface/node_modules/ws": {
      "version": "7.5.10",
      "license": "MIT",
      "engines": {
        "node": ">=8.3.0"
      },
      "peerDependencies": {
        "bufferutil": "^4.0.1",
        "utf-8-validate": "^5.0.2"
      },
      "peerDependenciesMeta": {
        "bufferutil": {
          "optional": true
        },
        "utf-8-validate": {
          "optional": true
        }
      }
    },
    "node_modules/commander": {
      "version": "2.11.0",
      "license": "MIT"
    },
    "node_modules/ws": {
      "version": "8.20.0",
      "license": "MIT",
      "engines": {
        "node": ">=10.0.0"
      },
      "peerDependencies": {
        "bufferutil": "^4.0.1",
        "utf-8-validate": ">=5.0.2"
      },
      "peerDependenciesMeta": {
        "bufferutil": {
          "optional": true
        },
        "utf-8-validate": {
          "optional": true
        }
      }
    }
  }
}
